
Microsoft Visual Studio Solution File, Format Version 12.00
# Visual Studio Version 17
VisualStudioVersion = 17.14.36429.23 d17.14
MinimumVisualStudioVersion = 10.0.40219.1
Project("{FAE04EC0-301F-11D3-BF4B-00C04F79EFBC}") = "КурсоваРобота_Ксендзова_ПЗ27", "КурсоваРобота_Ксендзова_ПЗ27.csproj", "{8E082CFA-85B8-43EC-9895-4EBD71ABB192}"
EndProject
Project("{2150E333-8FDC-42A3-9474-1A3956D46DE8}") = "Solution Items", "Solution Items", "{8EC462FD-D22E-90A8-E5CE-7E832BA40C5D}"
	ProjectSection(SolutionItems) = preProject
		Request.cs = Request.cs
	EndProjectSection
EndProject
Global
	GlobalSection(SolutionConfigurationPlatforms) = preSolution
		Debug|Any CPU = Debug|Any CPU
		Release|Any CPU = Release|Any CPU
	EndGlobalSection
	GlobalSection(ProjectConfigurationPlatforms) = postSolution
		{8E082CFA-85B8-43EC-9895-4EBD71ABB192}.Debug|Any CPU.ActiveCfg = Debug|Any CPU
		{8E082CFA-85B8-43EC-9895-4EBD71ABB192}.Debug|Any CPU.Build.0 = Debug|Any CPU
		{8E082CFA-85B8-43EC-9895-4EBD71ABB192}.Release|Any CPU.ActiveCfg = Release|Any CPU
		{8E082CFA-85B8-43EC-9895-4EBD71ABB192}.Release|Any CPU.Build.0 = Release|Any CPU
	EndGlobalSection
	GlobalSection(SolutionProperties) = preSolution
		HideSolutionNode = FALSE
	EndGlobalSection
	GlobalSection(ExtensibilityGlobals) = postSolution
		SolutionGuid = {5CA46DC5-9EE7-438E-A18D-066B0F8D9B9A}
	EndGlobalSection
EndGlobal
